
Microsoft Visual Studio Solution File, Format Version 12.00
# Visual Studio 15
VisualStudioVersion = 15.0.28307.329
MinimumVisualStudioVersion = 10.0.40219.1
Project("{FAE04EC0-301F-11D3-BF4B-00C04F79EFBC}") = "WebApplication2", "WebApplication2\WebApplication2.csproj", "{5D4D8181-F30C-4015-A1B2-836B79150EFF}"
EndProject
Project("{2150E333-8FDC-42A3-9474-1A3956D46DE8}") = "WebApplication2", "WebApplication2", "{63E63301-CB7F-4898-865B-527D280BA155}"
EndProject
Project("{2150E333-8FDC-42A3-9474-1A3956D46DE8}") = "tests", "tests", "{1F09A041-CD64-4248-828C-1FF3D22621AA}"
EndProject
Project("{FAE04EC0-301F-11D3-BF4B-00C04F79EFBC}") = "UnitTests", "WebApplication2\tests\UnitTests\UnitTests.csproj", "{15C065F8-616A-4D09-8FBF-AB7BB6F6E19B}"
EndProject
Global
	GlobalSection(SolutionConfigurationPlatforms) = preSolution
		Debug|Any CPU = Debug|Any CPU
		Release|Any CPU = Release|Any CPU
	EndGlobalSection
	GlobalSection(ProjectConfigurationPlatforms) = postSolution
		{5D4D8181-F30C-4015-A1B2-836B79150EFF}.Debug|Any CPU.ActiveCfg = Debug|Any CPU
		{5D4D8181-F30C-4015-A1B2-836B79150EFF}.Debug|Any CPU.Build.0 = Debug|Any CPU
		{5D4D8181-F30C-4015-A1B2-836B79150EFF}.Release|Any CPU.ActiveCfg = Release|Any CPU
		{5D4D8181-F30C-4015-A1B2-836B79150EFF}.Release|Any CPU.Build.0 = Release|Any CPU
		{15C065F8-616A-4D09-8FBF-AB7BB6F6E19B}.Debug|Any CPU.ActiveCfg = Debug|Any CPU
		{15C065F8-616A-4D09-8FBF-AB7BB6F6E19B}.Debug|Any CPU.Build.0 = Debug|Any CPU
		{15C065F8-616A-4D09-8FBF-AB7BB6F6E19B}.Release|Any CPU.ActiveCfg = Release|Any CPU
		{15C065F8-616A-4D09-8FBF-AB7BB6F6E19B}.Release|Any CPU.Build.0 = Release|Any CPU
	EndGlobalSection
	GlobalSection(SolutionProperties) = preSolution
		HideSolutionNode = FALSE
	EndGlobalSection
	GlobalSection(ExtensibilityGlobals) = postSolution
		SolutionGuid = {F334DE94-9006-44F3-9466-A190933964F3}
	EndGlobalSection
	GlobalSection(NestedProjects) = preSolution
		{1F09A041-CD64-4248-828C-1FF3D22621AA} = {63E63301-CB7F-4898-865B-527D280BA155}
		{15C065F8-616A-4D09-8FBF-AB7BB6F6E19B} = {1F09A041-CD64-4248-828C-1FF3D22621AA}
	EndGlobalSection
EndGlobal
